
Microsoft Visual Studio Solution File, Format Version 12.00
# Visual Studio Version 16
VisualStudioVersion = 16.0.30114.105
MinimumVisualStudioVersion = 10.0.40219.1
Project("{9A19103F-16F7-4668-BE54-9A1E7A4F7556}") = "Discovery.UI", "Discovery.UI\Discovery.UI.csproj", "{1B9AA91F-7941-4BE8-9AA9-A1907B2BD8BA}"
EndProject
Project("{9A19103F-16F7-4668-BE54-9A1E7A4F7556}") = "Discovery.Service", "Discovery.Service\Discovery.Service.csproj", "{94F1A2F7-6A19-48D0-97E5-3BF369AB2D3C}"
EndProject
Global
	GlobalSection(SolutionConfigurationPlatforms) = preSolution
		Debug|Any CPU = Debug|Any CPU
		Release|Any CPU = Release|Any CPU
	EndGlobalSection
	GlobalSection(ProjectConfigurationPlatforms) = postSolution
		{1B9AA91F-7941-4BE8-9AA9-A1907B2BD8BA}.Debug|Any CPU.ActiveCfg = Debug|Any CPU
		{1B9AA91F-7941-4BE8-9AA9-A1907B2BD8BA}.Debug|Any CPU.Build.0 = Debug|Any CPU
		{1B9AA91F-7941-4BE8-9AA9-A1907B2BD8BA}.Release|Any CPU.ActiveCfg = Release|Any CPU
		{1B9AA91F-7941-4BE8-9AA9-A1907B2BD8BA}.Release|Any CPU.Build.0 = Release|Any CPU
		{94F1A2F7-6A19-48D0-97E5-3BF369AB2D3C}.Debug|Any CPU.ActiveCfg = Debug|Any CPU
		{94F1A2F7-6A19-48D0-97E5-3BF369AB2D3C}.Debug|Any CPU.Build.0 = Debug|Any CPU
		{94F1A2F7-6A19-48D0-97E5-3BF369AB2D3C}.Release|Any CPU.ActiveCfg = Release|Any CPU
		{94F1A2F7-6A19-48D0-97E5-3BF369AB2D3C}.Release|Any CPU.Build.0 = Release|Any CPU
	EndGlobalSection
	GlobalSection(SolutionProperties) = preSolution
		HideSolutionNode = FALSE
	EndGlobalSection
	GlobalSection(ExtensibilityGlobals) = postSolution
		SolutionGuid = {FE407621-9B66-4932-8E84-445D0914460F}
	EndGlobalSection
EndGlobal
