
Microsoft Visual Studio Solution File, Format Version 12.00
# Visual Studio Version 16
VisualStudioVersion = 16.0.30114.105
MinimumVisualStudioVersion = 10.0.40219.1
Project("{9A19103F-16F7-4668-BE54-9A1E7A4F7556}") = "MyCompany.SteeltoeExample", "MyCompany.SteeltoeExample.csproj", "{BF69FE38-6AEF-439E-919D-0D107731F20B}"
EndProject
Global
	GlobalSection(SolutionConfigurationPlatforms) = preSolution
		Debug|Any CPU = Debug|Any CPU
		Release|Any CPU = Release|Any CPU
	EndGlobalSection
	GlobalSection(ProjectConfigurationPlatforms) = postSolution
		{BF69FE38-6AEF-439E-919D-0D107731F20B}.Debug|Any CPU.ActiveCfg = Debug|Any CPU
		{BF69FE38-6AEF-439E-919D-0D107731F20B}.Debug|Any CPU.Build.0 = Debug|Any CPU
		{BF69FE38-6AEF-439E-919D-0D107731F20B}.Release|Any CPU.ActiveCfg = Release|Any CPU
		{BF69FE38-6AEF-439E-919D-0D107731F20B}.Release|Any CPU.Build.0 = Release|Any CPU
	EndGlobalSection
	GlobalSection(SolutionProperties) = preSolution
		HideSolutionNode = FALSE
	EndGlobalSection
	GlobalSection(ExtensibilityGlobals) = postSolution
		SolutionGuid = {630DB2EF-35CE-4D6E-8110-35ABA13DE917}
	EndGlobalSection
EndGlobal
